
Microsoft Visual Studio Solution File, Format Version 11.00
# Visual Studio 2010
Project("{FAE04EC0-301F-11D3-BF4B-00C04F79EFBC}") = "maggiesstory", "Assembly-CSharp.csproj", "{D973CD40-90A5-FC82-B6AA-A0BDF554A63F}"
EndProject
Global
	GlobalSection(SolutionConfigurationPlatforms) = preSolution
		Debug|Any CPU = Debug|Any CPU
		Release|Any CPU = Release|Any CPU
	EndGlobalSection
	GlobalSection(ProjectConfigurationPlatforms) = postSolution
		{D973CD40-90A5-FC82-B6AA-A0BDF554A63F}.Debug|Any CPU.ActiveCfg = Debug|Any CPU
		{D973CD40-90A5-FC82-B6AA-A0BDF554A63F}.Debug|Any CPU.Build.0 = Debug|Any CPU
		{D973CD40-90A5-FC82-B6AA-A0BDF554A63F}.Release|Any CPU.ActiveCfg = Release|Any CPU
		{D973CD40-90A5-FC82-B6AA-A0BDF554A63F}.Release|Any CPU.Build.0 = Release|Any CPU
	EndGlobalSection
	GlobalSection(SolutionProperties) = preSolution
		HideSolutionNode = FALSE
	EndGlobalSection
	GlobalSection(MonoDevelopProperties) = preSolution
		StartupItem = Assembly-CSharp.csproj
	EndGlobalSection
EndGlobal
